// !$*UTF8*$!
{
	archiveVersion = 1;
	classes = {
	};
	objectVersion = 56;
	objects = {

/* Begin PBXBuildFile section */
		13CD68C0F137C31B543133F2 /* Pods_MobiilirakendusTS_MobiilirakendusTSUITests.framework in Frameworks */ = {isa = PBXBuildFile; fileRef = 4C12C2F6AE4F24985E03C463 /* Pods_MobiilirakendusTS_MobiilirakendusTSUITests.framework */; };
		3E77728EE4FC09D3D765BAD7 /* Pods_MobiilirakendusTS.framework in Frameworks */ = {isa = PBXBuildFile; fileRef = 5EDB95B2E6CE226B3EEA95F0 /* Pods_MobiilirakendusTS.framework */; };
		3F726F312B73954C008FAF45 /* MobiilirakendusTSApp.swift in Sources */ = {isa = PBXBuildFile; fileRef = 3F726F302B73954C008FAF45 /* MobiilirakendusTSApp.swift */; };
		3F726F332B73954C008FAF45 /* ContentView.swift in Sources */ = {isa = PBXBuildFile; fileRef = 3F726F322B73954C008FAF45 /* ContentView.swift */; };
		3F726F352B73954D008FAF45 /* Assets.xcassets in Resources */ = {isa = PBXBuildFile; fileRef = 3F726F342B73954D008FAF45 /* Assets.xcassets */; };
		3F726F382B73954D008FAF45 /* Preview Assets.xcassets in Resources */ = {isa = PBXBuildFile; fileRef = 3F726F372B73954D008FAF45 /* Preview Assets.xcassets */; };
		3F726F422B73954D008FAF45 /* MobiilirakendusTSTests.swift in Sources */ = {isa = PBXBuildFile; fileRef = 3F726F412B73954D008FAF45 /* MobiilirakendusTSTests.swift */; };
		3F726F4C2B73954D008FAF45 /* MobiilirakendusTSUITests.swift in Sources */ = {isa = PBXBuildFile; fileRef = 3F726F4B2B73954D008FAF45 /* MobiilirakendusTSUITests.swift */; };
		3F726F4E2B73954D008FAF45 /* MobiilirakendusTSUITestsLaunchTests.swift in Sources */ = {isa = PBXBuildFile; fileRef = 3F726F4D2B73954D008FAF45 /* MobiilirakendusTSUITestsLaunchTests.swift */; };
		942C267C8424B3EFCD0066AF /* Pods_MobiilirakendusTSTests.framework in Frameworks */ = {isa = PBXBuildFile; fileRef = CE20226060739B68A06FE2A4 /* Pods_MobiilirakendusTSTests.framework */; };
/* End PBXBuildFile section */

/* Begin PBXContainerItemProxy section */
		3F726F3E2B73954D008FAF45 /* PBXContainerItemProxy */ = {
			isa = PBXContainerItemProxy;
			containerPortal = 3F726F252B73954C008FAF45 /* Project object */;
			proxyType = 1;
			remoteGlobalIDString = 3F726F2C2B73954C008FAF45;
			remoteInfo = MobiilirakendusTS;
		};
		3F726F482B73954D008FAF45 /* PBXContainerItemProxy */ = {
			isa = PBXContainerItemProxy;
			containerPortal = 3F726F252B73954C008FAF45 /* Project object */;
			proxyType = 1;
			remoteGlobalIDString = 3F726F2C2B73954C008FAF45;
			remoteInfo = MobiilirakendusTS;
		};
/* End PBXContainerItemProxy section */

/* Begin PBXFileReference section */
		0954EB06C92CA84D702C3D13 /* Pods-MobiilirakendusTSTests.debug.xcconfig */ = {isa = PBXFileReference; includeInIndex = 1; lastKnownFileType = text.xcconfig; name = "Pods-MobiilirakendusTSTests.debug.xcconfig"; path = "Target Support Files/Pods-MobiilirakendusTSTests/Pods-MobiilirakendusTSTests.debug.xcconfig"; sourceTree = "<group>"; };
		0A17288DFB5F6E70B31A835E /* Pods-MobiilirakendusTSTests.release.xcconfig */ = {isa = PBXFileReference; includeInIndex = 1; lastKnownFileType = text.xcconfig; name = "Pods-MobiilirakendusTSTests.release.xcconfig"; path = "Target Support Files/Pods-MobiilirakendusTSTests/Pods-MobiilirakendusTSTests.release.xcconfig"; sourceTree = "<group>"; };
		109DEE46AFE0892463E545E1 /* Pods-MobiilirakendusTS.release.xcconfig */ = {isa = PBXFileReference; includeInIndex = 1; lastKnownFileType = text.xcconfig; name = "Pods-MobiilirakendusTS.release.xcconfig"; path = "Target Support Files/Pods-MobiilirakendusTS/Pods-MobiilirakendusTS.release.xcconfig"; sourceTree = "<group>"; };
		16BEFC4CFDD8702154C5C7E4 /* Pods-MobiilirakendusTS-MobiilirakendusTSUITests.release.xcconfig */ = {isa = PBXFileReference; includeInIndex = 1; lastKnownFileType = text.xcconfig; name = "Pods-MobiilirakendusTS-MobiilirakendusTSUITests.release.xcconfig"; path = "Target Support Files/Pods-MobiilirakendusTS-MobiilirakendusTSUITests/Pods-MobiilirakendusTS-MobiilirakendusTSUITests.release.xcconfig"; sourceTree = "<group>"; };
		3F726F2D2B73954C008FAF45 /* MobiilirakendusTS.app */ = {isa = PBXFileReference; explicitFileType = wrapper.application; includeInIndex = 0; path = MobiilirakendusTS.app; sourceTree = BUILT_PRODUCTS_DIR; };
		3F726F302B73954C008FAF45 /* MobiilirakendusTSApp.swift */ = {isa = PBXFileReference; lastKnownFileType = sourcecode.swift; path = MobiilirakendusTSApp.swift; sourceTree = "<group>"; };
		3F726F322B73954C008FAF45 /* ContentView.swift */ = {isa = PBXFileReference; lastKnownFileType = sourcecode.swift; path = ContentView.swift; sourceTree = "<group>"; };
		3F726F342B73954D008FAF45 /* Assets.xcassets */ = {isa = PBXFileReference; lastKnownFileType = folder.assetcatalog; path = Assets.xcassets; sourceTree = "<group>"; };
		3F726F372B73954D008FAF45 /* Preview Assets.xcassets */ = {isa = PBXFileReference; lastKnownFileType = folder.assetcatalog; path = "Preview Assets.xcassets"; sourceTree = "<group>"; };
		3F726F3D2B73954D008FAF45 /* MobiilirakendusTSTests.xctest */ = {isa = PBXFileReference; explicitFileType = wrapper.cfbundle; includeInIndex = 0; path = MobiilirakendusTSTests.xctest; sourceTree = BUILT_PRODUCTS_DIR; };
		3F726F412B73954D008FAF45 /* MobiilirakendusTSTests.swift */ = {isa = PBXFileReference; lastKnownFileType = sourcecode.swift; path = MobiilirakendusTSTests.swift; sourceTree = "<group>"; };
		3F726F472B73954D008FAF45 /* MobiilirakendusTSUITests.xctest */ = {isa = PBXFileReference; explicitFileType = wrapper.cfbundle; includeInIndex = 0; path = MobiilirakendusTSUITests.xctest; sourceTree = BUILT_PRODUCTS_DIR; };
		3F726F4B2B73954D008FAF45 /* MobiilirakendusTSUITests.swift */ = {isa = PBXFileReference; lastKnownFileType = sourcecode.swift; path = MobiilirakendusTSUITests.swift; sourceTree = "<group>"; };
		3F726F4D2B73954D008FAF45 /* MobiilirakendusTSUITestsLaunchTests.swift */ = {isa = PBXFileReference; lastKnownFileType = sourcecode.swift; path = MobiilirakendusTSUITestsLaunchTests.swift; sourceTree = "<group>"; };
		4C12C2F6AE4F24985E03C463 /* Pods_MobiilirakendusTS_MobiilirakendusTSUITests.framework */ = {isa = PBXFileReference; explicitFileType = wrapper.framework; includeInIndex = 0; path = Pods_MobiilirakendusTS_MobiilirakendusTSUITests.framework; sourceTree = BUILT_PRODUCTS_DIR; };
		5EDB95B2E6CE226B3EEA95F0 /* Pods_MobiilirakendusTS.framework */ = {isa = PBXFileReference; explicitFileType = wrapper.framework; includeInIndex = 0; path = Pods_MobiilirakendusTS.framework; sourceTree = BUILT_PRODUCTS_DIR; };
		CE20226060739B68A06FE2A4 /* Pods_MobiilirakendusTSTests.framework */ = {isa = PBXFileReference; explicitFileType = wrapper.framework; includeInIndex = 0; path = Pods_MobiilirakendusTSTests.framework; sourceTree = BUILT_PRODUCTS_DIR; };
		D60A070DE50D5999C9E287D2 /* Pods-MobiilirakendusTS-MobiilirakendusTSUITests.debug.xcconfig */ = {isa = PBXFileReference; includeInIndex = 1; lastKnownFileType = text.xcconfig; name = "Pods-MobiilirakendusTS-MobiilirakendusTSUITests.debug.xcconfig"; path = "Target Support Files/Pods-MobiilirakendusTS-MobiilirakendusTSUITests/Pods-MobiilirakendusTS-MobiilirakendusTSUITests.debug.xcconfig"; sourceTree = "<group>"; };
		E1C61B702854ED88CB3C0C69 /* Pods-MobiilirakendusTS.debug.xcconfig */ = {isa = PBXFileReference; includeInIndex = 1; lastKnownFileType = text.xcconfig; name = "Pods-MobiilirakendusTS.debug.xcconfig"; path = "Target Support Files/Pods-MobiilirakendusTS/Pods-MobiilirakendusTS.debug.xcconfig"; sourceTree = "<group>"; };
/* End PBXFileReference section */

/* Begin PBXFrameworksBuildPhase section */
		3F726F2A2B73954C008FAF45 /* Frameworks */ = {
			isa = PBXFrameworksBuildPhase;
			buildActionMask = 2147483647;
			files = (
				3E77728EE4FC09D3D765BAD7 /* Pods_MobiilirakendusTS.framework in Frameworks */,
			);
			runOnlyForDeploymentPostprocessing = 0;
		};
		3F726F3A2B73954D008FAF45 /* Frameworks */ = {
			isa = PBXFrameworksBuildPhase;
			buildActionMask = 2147483647;
			files = (
				942C267C8424B3EFCD0066AF /* Pods_MobiilirakendusTSTests.framework in Frameworks */,
			);
			runOnlyForDeploymentPostprocessing = 0;
		};
		3F726F442B73954D008FAF45 /* Frameworks */ = {
			isa = PBXFrameworksBuildPhase;
			buildActionMask = 2147483647;
			files = (
				13CD68C0F137C31B543133F2 /* Pods_MobiilirakendusTS_MobiilirakendusTSUITests.framework in Frameworks */,
			);
			runOnlyForDeploymentPostprocessing = 0;
		};
/* End PBXFrameworksBuildPhase section */

/* Begin PBXGroup section */
		3F726F242B73954C008FAF45 = {
			isa = PBXGroup;
			children = (
				3F726F2F2B73954C008FAF45 /* MobiilirakendusTS */,
				3F726F402B73954D008FAF45 /* MobiilirakendusTSTests */,
				3F726F4A2B73954D008FAF45 /* MobiilirakendusTSUITests */,
				3F726F2E2B73954C008FAF45 /* Products */,
				ED6716A5297FE9D7FADEC154 /* Pods */,
				CC3872D8C4A672085E269E59 /* Frameworks */,
			);
			sourceTree = "<group>";
		};
		3F726F2E2B73954C008FAF45 /* Products */ = {
			isa = PBXGroup;
			children = (
				3F726F2D2B73954C008FAF45 /* MobiilirakendusTS.app */,
				3F726F3D2B73954D008FAF45 /* MobiilirakendusTSTests.xctest */,
				3F726F472B73954D008FAF45 /* MobiilirakendusTSUITests.xctest */,
			);
			name = Products;
			sourceTree = "<group>";
		};
		3F726F2F2B73954C008FAF45 /* MobiilirakendusTS */ = {
			isa = PBXGroup;
			children = (
				3F726F302B73954C008FAF45 /* MobiilirakendusTSApp.swift */,
				3F726F322B73954C008FAF45 /* ContentView.swift */,
				3F726F342B73954D008FAF45 /* Assets.xcassets */,
				3F726F362B73954D008FAF45 /* Preview Content */,
			);
			path = MobiilirakendusTS;
			sourceTree = "<group>";
		};
		3F726F362B73954D008FAF45 /* Preview Content */ = {
			isa = PBXGroup;
			children = (
				3F726F372B73954D008FAF45 /* Preview Assets.xcassets */,
			);
			path = "Preview Content";
			sourceTree = "<group>";
		};
		3F726F402B73954D008FAF45 /* MobiilirakendusTSTests */ = {
			isa = PBXGroup;
			children = (
				3F726F412B73954D008FAF45 /* MobiilirakendusTSTests.swift */,
			);
			path = MobiilirakendusTSTests;
			sourceTree = "<group>";
		};
		3F726F4A2B73954D008FAF45 /* MobiilirakendusTSUITests */ = {
			isa = PBXGroup;
			children = (
				3F726F4B2B73954D008FAF45 /* MobiilirakendusTSUITests.swift */,
				3F726F4D2B73954D008FAF45 /* MobiilirakendusTSUITestsLaunchTests.swift */,
			);
			path = MobiilirakendusTSUITests;
			sourceTree = "<group>";
		};
		CC3872D8C4A672085E269E59 /* Frameworks */ = {
			isa = PBXGroup;
			children = (
				5EDB95B2E6CE226B3EEA95F0 /* Pods_MobiilirakendusTS.framework */,
				4C12C2F6AE4F24985E03C463 /* Pods_MobiilirakendusTS_MobiilirakendusTSUITests.framework */,
				CE20226060739B68A06FE2A4 /* Pods_MobiilirakendusTSTests.framework */,
			);
			name = Frameworks;
			sourceTree = "<group>";
		};
		ED6716A5297FE9D7FADEC154 /* Pods */ = {
			isa = PBXGroup;
			children = (
				E1C61B702854ED88CB3C0C69 /* Pods-MobiilirakendusTS.debug.xcconfig */,
				109DEE46AFE0892463E545E1 /* Pods-MobiilirakendusTS.release.xcconfig */,
				D60A070DE50D5999C9E287D2 /* Pods-MobiilirakendusTS-MobiilirakendusTSUITests.debug.xcconfig */,
				16BEFC4CFDD8702154C5C7E4 /* Pods-MobiilirakendusTS-MobiilirakendusTSUITests.release.xcconfig */,
				0954EB06C92CA84D702C3D13 /* Pods-MobiilirakendusTSTests.debug.xcconfig */,
				0A17288DFB5F6E70B31A835E /* Pods-MobiilirakendusTSTests.release.xcconfig */,
			);
			name = Pods;
			path = Pods;
			sourceTree = "<group>";
		};
/* End PBXGroup section */

/* Begin PBXNativeTarget section */
		3F726F2C2B73954C008FAF45 /* MobiilirakendusTS */ = {
			isa = PBXNativeTarget;
			buildConfigurationList = 3F726F512B73954D008FAF45 /* Build configuration list for PBXNativeTarget "MobiilirakendusTS" */;
			buildPhases = (
				B742B1A5940DFCE370E90FEF /* [CP] Check Pods Manifest.lock */,
				3F726F292B73954C008FAF45 /* Sources */,
				3F726F2A2B73954C008FAF45 /* Frameworks */,
				3F726F2B2B73954C008FAF45 /* Resources */,
			);
			buildRules = (
			);
			dependencies = (
			);
			name = MobiilirakendusTS;
			productName = MobiilirakendusTS;
			productReference = 3F726F2D2B73954C008FAF45 /* MobiilirakendusTS.app */;
			productType = "com.apple.product-type.application";
		};
		3F726F3C2B73954D008FAF45 /* MobiilirakendusTSTests */ = {
			isa = PBXNativeTarget;
			buildConfigurationList = 3F726F542B73954D008FAF45 /* Build configuration list for PBXNativeTarget "MobiilirakendusTSTests" */;
			buildPhases = (
				976CA28A85B440CB751EA2F2 /* [CP] Check Pods Manifest.lock */,
				3F726F392B73954D008FAF45 /* Sources */,
				3F726F3A2B73954D008FAF45 /* Frameworks */,
				3F726F3B2B73954D008FAF45 /* Resources */,
			);
			buildRules = (
			);
			dependencies = (
				3F726F3F2B73954D008FAF45 /* PBXTargetDependency */,
			);
			name = MobiilirakendusTSTests;
			productName = MobiilirakendusTSTests;
			productReference = 3F726F3D2B73954D008FAF45 /* MobiilirakendusTSTests.xctest */;
			productType = "com.apple.product-type.bundle.unit-test";
		};
		3F726F462B73954D008FAF45 /* MobiilirakendusTSUITests */ = {
			isa = PBXNativeTarget;
			buildConfigurationList = 3F726F572B73954D008FAF45 /* Build configuration list for PBXNativeTarget "MobiilirakendusTSUITests" */;
			buildPhases = (
				C57FC4594DDF873708A4C83D /* [CP] Check Pods Manifest.lock */,
				3F726F432B73954D008FAF45 /* Sources */,
				3F726F442B73954D008FAF45 /* Frameworks */,
				3F726F452B73954D008FAF45 /* Resources */,
			);
			buildRules = (
			);
			dependencies = (
				3F726F492B73954D008FAF45 /* PBXTargetDependency */,
			);
			name = MobiilirakendusTSUITests;
			productName = MobiilirakendusTSUITests;
			productReference = 3F726F472B73954D008FAF45 /* MobiilirakendusTSUITests.xctest */;
			productType = "com.apple.product-type.bundle.ui-testing";
		};
/* End PBXNativeTarget section */

/* Begin PBXProject section */
		3F726F252B73954C008FAF45 /* Project object */ = {
			isa = PBXProject;
			attributes = {
				BuildIndependentTargetsInParallel = 1;
				LastSwiftUpdateCheck = 1520;
				LastUpgradeCheck = 1520;
				TargetAttributes = {
					3F726F2C2B73954C008FAF45 = {
						CreatedOnToolsVersion = 15.2;
					};
					3F726F3C2B73954D008FAF45 = {
						CreatedOnToolsVersion = 15.2;
						TestTargetID = 3F726F2C2B73954C008FAF45;
					};
					3F726F462B73954D008FAF45 = {
						CreatedOnToolsVersion = 15.2;
						TestTargetID = 3F726F2C2B73954C008FAF45;
					};
				};
			};
			buildConfigurationList = 3F726F282B73954C008FAF45 /* Build configuration list for PBXProject "MobiilirakendusTS" */;
			compatibilityVersion = "Xcode 14.0";
			developmentRegion = en;
			hasScannedForEncodings = 0;
			knownRegions = (
				en,
				Base,
			);
			mainGroup = 3F726F242B73954C008FAF45;
			productRefGroup = 3F726F2E2B73954C008FAF45 /* Products */;
			projectDirPath = "";
			projectRoot = "";
			targets = (
				3F726F2C2B73954C008FAF45 /* MobiilirakendusTS */,
				3F726F3C2B73954D008FAF45 /* MobiilirakendusTSTests */,
				3F726F462B73954D008FAF45 /* MobiilirakendusTSUITests */,
			);
		};
/* End PBXProject section */

/* Begin PBXResourcesBuildPhase section */
		3F726F2B2B73954C008FAF45 /* Resources */ = {
			isa = PBXResourcesBuildPhase;
			buildActionMask = 2147483647;
			files = (
				3F726F382B73954D008FAF45 /* Preview Assets.xcassets in Resources */,
				3F726F352B73954D008FAF45 /* Assets.xcassets in Resources */,
			);
			runOnlyForDeploymentPostprocessing = 0;
		};
		3F726F3B2B73954D008FAF45 /* Resources */ = {
			isa = PBXResourcesBuildPhase;
			buildActionMask = 2147483647;
			files = (
			);
			runOnlyForDeploymentPostprocessing = 0;
		};
		3F726F452B73954D008FAF45 /* Resources */ = {
			isa = PBXResourcesBuildPhase;
			buildActionMask = 2147483647;
			files = (
			);
			runOnlyForDeploymentPostprocessing = 0;
		};
/* End PBXResourcesBuildPhase section */

/* Begin PBXShellScriptBuildPhase section */
		976CA28A85B440CB751EA2F2 /* [CP] Check Pods Manifest.lock */ = {
			isa = PBXShellScriptBuildPhase;
			buildActionMask = 2147483647;
			files = (
			);
			inputFileListPaths = (
			);
			inputPaths = (
				"${PODS_PODFILE_DIR_PATH}/Podfile.lock",
				"${PODS_ROOT}/Manifest.lock",
			);
			name = "[CP] Check Pods Manifest.lock";
			outputFileListPaths = (
			);
			outputPaths = (
				"$(DERIVED_FILE_DIR)/Pods-MobiilirakendusTSTests-checkManifestLockResult.txt",
			);
			runOnlyForDeploymentPostprocessing = 0;
			shellPath = /bin/sh;
			shellScript = "diff \"${PODS_PODFILE_DIR_PATH}/Podfile.lock\" \"${PODS_ROOT}/Manifest.lock\" > /dev/null\nif [ $? != 0 ] ; then\n    # print error to STDERR\n    echo \"error: The sandbox is not in sync with the Podfile.lock. Run 'pod install' or update your CocoaPods installation.\" >&2\n    exit 1\nfi\n# This output is used by Xcode 'outputs' to avoid re-running this script phase.\necho \"SUCCESS\" > \"${SCRIPT_OUTPUT_FILE_0}\"\n";
			showEnvVarsInLog = 0;
		};
		B742B1A5940DFCE370E90FEF /* [CP] Check Pods Manifest.lock */ = {
			isa = PBXShellScriptBuildPhase;
			buildActionMask = 2147483647;
			files = (
			);
			inputFileListPaths = (
			);
			inputPaths = (
				"${PODS_PODFILE_DIR_PATH}/Podfile.lock",
				"${PODS_ROOT}/Manifest.lock",
			);
			name = "[CP] Check Pods Manifest.lock";
			outputFileListPaths = (
			);
			outputPaths = (
				"$(DERIVED_FILE_DIR)/Pods-MobiilirakendusTS-checkManifestLockResult.txt",
			);
			runOnlyForDeploymentPostprocessing = 0;
			shellPath = /bin/sh;
			shellScript = "diff \"${PODS_PODFILE_DIR_PATH}/Podfile.lock\" \"${PODS_ROOT}/Manifest.lock\" > /dev/null\nif [ $? != 0 ] ; then\n    # print error to STDERR\n    echo \"error: The sandbox is not in sync with the Podfile.lock. Run 'pod install' or update your CocoaPods installation.\" >&2\n    exit 1\nfi\n# This output is used by Xcode 'outputs' to avoid re-running this script phase.\necho \"SUCCESS\" > \"${SCRIPT_OUTPUT_FILE_0}\"\n";
			showEnvVarsInLog = 0;
		};
		C57FC4594DDF873708A4C83D /* [CP] Check Pods Manifest.lock */ = {
			isa = PBXShellScriptBuildPhase;
			buildActionMask = 2147483647;
			files = (
			);
			inputFileListPaths = (
			);
			inputPaths = (
				"${PODS_PODFILE_DIR_PATH}/Podfile.lock",
				"${PODS_ROOT}/Manifest.lock",
			);
			name = "[CP] Check Pods Manifest.lock";
			outputFileListPaths = (
			);
			outputPaths = (
				"$(DERIVED_FILE_DIR)/Pods-MobiilirakendusTS-MobiilirakendusTSUITests-checkManifestLockResult.txt",
			);
			runOnlyForDeploymentPostprocessing = 0;
			shellPath = /bin/sh;
			shellScript = "diff \"${PODS_PODFILE_DIR_PATH}/Podfile.lock\" \"${PODS_ROOT}/Manifest.lock\" > /dev/null\nif [ $? != 0 ] ; then\n    # print error to STDERR\n    echo \"error: The sandbox is not in sync with the Podfile.lock. Run 'pod install' or update your CocoaPods installation.\" >&2\n    exit 1\nfi\n# This output is used by Xcode 'outputs' to avoid re-running this script phase.\necho \"SUCCESS\" > \"${SCRIPT_OUTPUT_FILE_0}\"\n";
			showEnvVarsInLog = 0;
		};
/* End PBXShellScriptBuildPhase section */

/* Begin PBXSourcesBuildPhase section */
		3F726F292B73954C008FAF45 /* Sources */ = {
			isa = PBXSourcesBuildPhase;
			buildActionMask = 2147483647;
			files = (
				3F726F332B73954C008FAF45 /* ContentView.swift in Sources */,
				3F726F312B73954C008FAF45 /* MobiilirakendusTSApp.swift in Sources */,
			);
			runOnlyForDeploymentPostprocessing = 0;
		};
		3F726F392B73954D008FAF45 /* Sources */ = {
			isa = PBXSourcesBuildPhase;
			buildActionMask = 2147483647;
			files = (
				3F726F422B73954D008FAF45 /* MobiilirakendusTSTests.swift in Sources */,
			);
			runOnlyForDeploymentPostprocessing = 0;
		};
		3F726F432B73954D008FAF45 /* Sources */ = {
			isa = PBXSourcesBuildPhase;
			buildActionMask = 2147483647;
			files = (
				3F726F4E2B73954D008FAF45 /* MobiilirakendusTSUITestsLaunchTests.swift in Sources */,
				3F726F4C2B73954D008FAF45 /* MobiilirakendusTSUITests.swift in Sources */,
			);
			runOnlyForDeploymentPostprocessing = 0;
		};
/* End PBXSourcesBuildPhase section */

/* Begin PBXTargetDependency section */
		3F726F3F2B73954D008FAF45 /* PBXTargetDependency */ = {
			isa = PBXTargetDependency;
			target = 3F726F2C2B73954C008FAF45 /* MobiilirakendusTS */;
			targetProxy = 3F726F3E2B73954D008FAF45 /* PBXContainerItemProxy */;
		};
		3F726F492B73954D008FAF45 /* PBXTargetDependency */ = {
			isa = PBXTargetDependency;
			target = 3F726F2C2B73954C008FAF45 /* MobiilirakendusTS */;
			targetProxy = 3F726F482B73954D008FAF45 /* PBXContainerItemProxy */;
		};
/* End PBXTargetDependency section */

/* Begin XCBuildConfiguration section */
		3F726F4F2B73954D008FAF45 /* Debug */ = {
			isa = XCBuildConfiguration;
			buildSettings = {
				ALWAYS_SEARCH_USER_PATHS = NO;
				ASSETCATALOG_COMPILER_GENERATE_SWIFT_ASSET_SYMBOL_EXTENSIONS = YES;
				CLANG_ANALYZER_NONNULL = YES;
				CLANG_ANALYZER_NUMBER_OBJECT_CONVERSION = YES_AGGRESSIVE;
				CLANG_CXX_LANGUAGE_STANDARD = "gnu++20";
				CLANG_ENABLE_MODULES = YES;
				CLANG_ENABLE_OBJC_ARC = YES;
				CLANG_ENABLE_OBJC_WEAK = YES;
				CLANG_WARN_BLOCK_CAPTURE_AUTORELEASING = YES;
				CLANG_WARN_BOOL_CONVERSION = YES;
				CLANG_WARN_COMMA = YES;
				CLANG_WARN_CONSTANT_CONVERSION = YES;
				CLANG_WARN_DEPRECATED_OBJC_IMPLEMENTATIONS = YES;
				CLANG_WARN_DIRECT_OBJC_ISA_USAGE = YES_ERROR;
				CLANG_WARN_DOCUMENTATION_COMMENTS = YES;
				CLANG_WARN_EMPTY_BODY = YES;
				CLANG_WARN_ENUM_CONVERSION = YES;
				CLANG_WARN_INFINITE_RECURSION = YES;
				CLANG_WARN_INT_CONVERSION = YES;
				CLANG_WARN_NON_LITERAL_NULL_CONVERSION = YES;
				CLANG_WARN_OBJC_IMPLICIT_RETAIN_SELF = YES;
				CLANG_WARN_OBJC_LITERAL_CONVERSION = YES;
				CLANG_WARN_OBJC_ROOT_CLASS = YES_ERROR;
				CLANG_WARN_QUOTED_INCLUDE_IN_FRAMEWORK_HEADER = YES;
				CLANG_WARN_RANGE_LOOP_ANALYSIS = YES;
				CLANG_WARN_STRICT_PROTOTYPES = YES;
				CLANG_WARN_SUSPICIOUS_MOVE = YES;
				CLANG_WARN_UNGUARDED_AVAILABILITY = YES_AGGRESSIVE;
				CLANG_WARN_UNREACHABLE_CODE = YES;
				CLANG_WARN__DUPLICATE_METHOD_MATCH = YES;
				COPY_PHASE_STRIP = NO;
				DEBUG_INFORMATION_FORMAT = dwarf;
				ENABLE_STRICT_OBJC_MSGSEND = YES;
				ENABLE_TESTABILITY = YES;
				ENABLE_USER_SCRIPT_SANDBOXING = YES;
				GCC_C_LANGUAGE_STANDARD = gnu17;
				GCC_DYNAMIC_NO_PIC = NO;
				GCC_NO_COMMON_BLOCKS = YES;
				GCC_OPTIMIZATION_LEVEL = 0;
				GCC_PREPROCESSOR_DEFINITIONS = (
					"DEBUG=1",
					"$(inherited)",
				);
				GCC_WARN_64_TO_32_BIT_CONVERSION = YES;
				GCC_WARN_ABOUT_RETURN_TYPE = YES_ERROR;
				GCC_WARN_UNDECLARED_SELECTOR = YES;
				GCC_WARN_UNINITIALIZED_AUTOS = YES_AGGRESSIVE;
				GCC_WARN_UNUSED_FUNCTION = YES;
				GCC_WARN_UNUSED_VARIABLE = YES;
				IPHONEOS_DEPLOYMENT_TARGET = 17.2;
				LOCALIZATION_PREFERS_STRING_CATALOGS = YES;
				MTL_ENABLE_DEBUG_INFO = INCLUDE_SOURCE;
				MTL_FAST_MATH = YES;
				ONLY_ACTIVE_ARCH = YES;
				SDKROOT = iphoneos;
				SWIFT_ACTIVE_COMPILATION_CONDITIONS = "DEBUG $(inherited)";
				SWIFT_OPTIMIZATION_LEVEL = "-Onone";
			};
			name = Debug;
		};
		3F726F502B73954D008FAF45 /* Release */ = {
			isa = XCBuildConfiguration;
			buildSettings = {
				ALWAYS_SEARCH_USER_PATHS = NO;
				ASSETCATALOG_COMPILER_GENERATE_SWIFT_ASSET_SYMBOL_EXTENSIONS = YES;
				CLANG_ANALYZER_NONNULL = YES;
				CLANG_ANALYZER_NUMBER_OBJECT_CONVERSION = YES_AGGRESSIVE;
				CLANG_CXX_LANGUAGE_STANDARD = "gnu++20";
				CLANG_ENABLE_MODULES = YES;
				CLANG_ENABLE_OBJC_ARC = YES;
				CLANG_ENABLE_OBJC_WEAK = YES;
				CLANG_WARN_BLOCK_CAPTURE_AUTORELEASING = YES;
				CLANG_WARN_BOOL_CONVERSION = YES;
				CLANG_WARN_COMMA = YES;
				CLANG_WARN_CONSTANT_CONVERSION = YES;
				CLANG_WARN_DEPRECATED_OBJC_IMPLEMENTATIONS = YES;
				CLANG_WARN_DIRECT_OBJC_ISA_USAGE = YES_ERROR;
				CLANG_WARN_DOCUMENTATION_COMMENTS = YES;
				CLANG_WARN_EMPTY_BODY = YES;
				CLANG_WARN_ENUM_CONVERSION = YES;
				CLANG_WARN_INFINITE_RECURSION = YES;
				CLANG_WARN_INT_CONVERSION = YES;
				CLANG_WARN_NON_LITERAL_NULL_CONVERSION = YES;
				CLANG_WARN_OBJC_IMPLICIT_RETAIN_SELF = YES;
				CLANG_WARN_OBJC_LITERAL_CONVERSION = YES;
				CLANG_WARN_OBJC_ROOT_CLASS = YES_ERROR;
				CLANG_WARN_QUOTED_INCLUDE_IN_FRAMEWORK_HEADER = YES;
				CLANG_WARN_RANGE_LOOP_ANALYSIS = YES;
				CLANG_WARN_STRICT_PROTOTYPES = YES;
				CLANG_WARN_SUSPICIOUS_MOVE = YES;
				CLANG_WARN_UNGUARDED_AVAILABILITY = YES_AGGRESSIVE;
				CLANG_WARN_UNREACHABLE_CODE = YES;
				CLANG_WARN__DUPLICATE_METHOD_MATCH = YES;
				COPY_PHASE_STRIP = NO;
				DEBUG_INFORMATION_FORMAT = "dwarf-with-dsym";
				ENABLE_NS_ASSERTIONS = NO;
				ENABLE_STRICT_OBJC_MSGSEND = YES;
				ENABLE_USER_SCRIPT_SANDBOXING = YES;
				GCC_C_LANGUAGE_STANDARD = gnu17;
				GCC_NO_COMMON_BLOCKS = YES;
				GCC_WARN_64_TO_32_BIT_CONVERSION = YES;
				GCC_WARN_ABOUT_RETURN_TYPE = YES_ERROR;
				GCC_WARN_UNDECLARED_SELECTOR = YES;
				GCC_WARN_UNINITIALIZED_AUTOS = YES_AGGRESSIVE;
				GCC_WARN_UNUSED_FUNCTION = YES;
				GCC_WARN_UNUSED_VARIABLE = YES;
				IPHONEOS_DEPLOYMENT_TARGET = 17.2;
				LOCALIZATION_PREFERS_STRING_CATALOGS = YES;
				MTL_ENABLE_DEBUG_INFO = NO;
				MTL_FAST_MATH = YES;
				SDKROOT = iphoneos;
				SWIFT_COMPILATION_MODE = wholemodule;
				VALIDATE_PRODUCT = YES;
			};
			name = Release;
		};
		3F726F522B73954D008FAF45 /* Debug */ = {
			isa = XCBuildConfiguration;
			baseConfigurationReference = E1C61B702854ED88CB3C0C69 /* Pods-MobiilirakendusTS.debug.xcconfig */;
			buildSettings = {
				ASSETCATALOG_COMPILER_APPICON_NAME = AppIcon;
				ASSETCATALOG_COMPILER_GLOBAL_ACCENT_COLOR_NAME = AccentColor;
				CODE_SIGN_STYLE = Automatic;
				CURRENT_PROJECT_VERSION = 1;
				DEVELOPMENT_ASSET_PATHS = "\"MobiilirakendusTS/Preview Content\"";
				DEVELOPMENT_TEAM = FT9H27SHWJ;
				ENABLE_PREVIEWS = YES;
				GENERATE_INFOPLIST_FILE = YES;
				INFOPLIST_KEY_UIApplicationSceneManifest_Generation = YES;
				INFOPLIST_KEY_UIApplicationSupportsIndirectInputEvents = YES;
				INFOPLIST_KEY_UILaunchScreen_Generation = YES;
				INFOPLIST_KEY_UISupportedInterfaceOrientations_iPad = "UIInterfaceOrientationPortrait UIInterfaceOrientationPortraitUpsideDown UIInterfaceOrientationLandscapeLeft UIInterfaceOrientationLandscapeRight";
				INFOPLIST_KEY_UISupportedInterfaceOrientations_iPhone = "UIInterfaceOrientationPortrait UIInterfaceOrientationLandscapeLeft UIInterfaceOrientationLandscapeRight";
				LD_RUNPATH_SEARCH_PATHS = (
					"$(inherited)",
					"@executable_path/Frameworks",
				);
				MARKETING_VERSION = 1.0;
				PRODUCT_BUNDLE_IDENTIFIER = org.reactjs.native.example.MobiilirakendusTS;
				PRODUCT_NAME = "$(TARGET_NAME)";
				SWIFT_EMIT_LOC_STRINGS = YES;
				SWIFT_VERSION = 5.0;
				TARGETED_DEVICE_FAMILY = "1,2";
			};
			name = Debug;
		};
		3F726F532B73954D008FAF45 /* Release */ = {
			isa = XCBuildConfiguration;
			baseConfigurationReference = 109DEE46AFE0892463E545E1 /* Pods-MobiilirakendusTS.release.xcconfig */;
			buildSettings = {
				ASSETCATALOG_COMPILER_APPICON_NAME = AppIcon;
				ASSETCATALOG_COMPILER_GLOBAL_ACCENT_COLOR_NAME = AccentColor;
				CODE_SIGN_STYLE = Automatic;
				CURRENT_PROJECT_VERSION = 1;
				DEVELOPMENT_ASSET_PATHS = "\"MobiilirakendusTS/Preview Content\"";
				DEVELOPMENT_TEAM = FT9H27SHWJ;
				ENABLE_PREVIEWS = YES;
				GENERATE_INFOPLIST_FILE = YES;
				INFOPLIST_KEY_UIApplicationSceneManifest_Generation = YES;
				INFOPLIST_KEY_UIApplicationSupportsIndirectInputEvents = YES;
				INFOPLIST_KEY_UILaunchScreen_Generation = YES;
				INFOPLIST_KEY_UISupportedInterfaceOrientations_iPad = "UIInterfaceOrientationPortrait UIInterfaceOrientationPortraitUpsideDown UIInterfaceOrientationLandscapeLeft UIInterfaceOrientationLandscapeRight";
				INFOPLIST_KEY_UISupportedInterfaceOrientations_iPhone = "UIInterfaceOrientationPortrait UIInterfaceOrientationLandscapeLeft UIInterfaceOrientationLandscapeRight";
				LD_RUNPATH_SEARCH_PATHS = (
					"$(inherited)",
					"@executable_path/Frameworks",
				);
				MARKETING_VERSION = 1.0;
				PRODUCT_BUNDLE_IDENTIFIER = org.reactjs.native.example.MobiilirakendusTS;
				PRODUCT_NAME = "$(TARGET_NAME)";
				SWIFT_EMIT_LOC_STRINGS = YES;
				SWIFT_VERSION = 5.0;
				TARGETED_DEVICE_FAMILY = "1,2";
			};
			name = Release;
		};
		3F726F552B73954D008FAF45 /* Debug */ = {
			isa = XCBuildConfiguration;
			baseConfigurationReference = 0954EB06C92CA84D702C3D13 /* Pods-MobiilirakendusTSTests.debug.xcconfig */;
			buildSettings = {
				ALWAYS_EMBED_SWIFT_STANDARD_LIBRARIES = YES;
				BUNDLE_LOADER = "$(TEST_HOST)";
				CODE_SIGN_STYLE = Automatic;
				CURRENT_PROJECT_VERSION = 1;
				DEVELOPMENT_TEAM = FT9H27SHWJ;
				GENERATE_INFOPLIST_FILE = YES;
				IPHONEOS_DEPLOYMENT_TARGET = 17.2;
				MARKETING_VERSION = 1.0;
				PRODUCT_BUNDLE_IDENTIFIER = voco.MobiilirakendusTSTests;
				PRODUCT_NAME = "$(TARGET_NAME)";
				SWIFT_EMIT_LOC_STRINGS = NO;
				SWIFT_VERSION = 5.0;
				TARGETED_DEVICE_FAMILY = "1,2";
				TEST_HOST = "$(BUILT_PRODUCTS_DIR)/MobiilirakendusTS.app/$(BUNDLE_EXECUTABLE_FOLDER_PATH)/MobiilirakendusTS";
			};
			name = Debug;
		};
		3F726F562B73954D008FAF45 /* Release */ = {
			isa = XCBuildConfiguration;
			baseConfigurationReference = 0A17288DFB5F6E70B31A835E /* Pods-MobiilirakendusTSTests.release.xcconfig */;
			buildSettings = {
				ALWAYS_EMBED_SWIFT_STANDARD_LIBRARIES = YES;
				BUNDLE_LOADER = "$(TEST_HOST)";
				CODE_SIGN_STYLE = Automatic;
				CURRENT_PROJECT_VERSION = 1;
				DEVELOPMENT_TEAM = FT9H27SHWJ;
				GENERATE_INFOPLIST_FILE = YES;
				IPHONEOS_DEPLOYMENT_TARGET = 17.2;
				MARKETING_VERSION = 1.0;
				PRODUCT_BUNDLE_IDENTIFIER = voco.MobiilirakendusTSTests;
				PRODUCT_NAME = "$(TARGET_NAME)";
				SWIFT_EMIT_LOC_STRINGS = NO;
				SWIFT_VERSION = 5.0;
				TARGETED_DEVICE_FAMILY = "1,2";
				TEST_HOST = "$(BUILT_PRODUCTS_DIR)/MobiilirakendusTS.app/$(BUNDLE_EXECUTABLE_FOLDER_PATH)/MobiilirakendusTS";
			};
			name = Release;
		};
		3F726F582B73954D008FAF45 /* Debug */ = {
			isa = XCBuildConfiguration;
			baseConfigurationReference = D60A070DE50D5999C9E287D2 /* Pods-MobiilirakendusTS-MobiilirakendusTSUITests.debug.xcconfig */;
			buildSettings = {
				ALWAYS_EMBED_SWIFT_STANDARD_LIBRARIES = YES;
				CODE_SIGN_STYLE = Automatic;
				CURRENT_PROJECT_VERSION = 1;
				GENERATE_INFOPLIST_FILE = YES;
				MARKETING_VERSION = 1.0;
				PRODUCT_BUNDLE_IDENTIFIER = voco.MobiilirakendusTSUITests;
				PRODUCT_NAME = "$(TARGET_NAME)";
				SWIFT_EMIT_LOC_STRINGS = NO;
				SWIFT_VERSION = 5.0;
				TARGETED_DEVICE_FAMILY = "1,2";
				TEST_TARGET_NAME = MobiilirakendusTS;
			};
			name = Debug;
		};
		3F726F592B73954D008FAF45 /* Release */ = {
			isa = XCBuildConfiguration;
			baseConfigurationReference = 16BEFC4CFDD8702154C5C7E4 /* Pods-MobiilirakendusTS-MobiilirakendusTSUITests.release.xcconfig */;
			buildSettings = {
				ALWAYS_EMBED_SWIFT_STANDARD_LIBRARIES = YES;
				CODE_SIGN_STYLE = Automatic;
				CURRENT_PROJECT_VERSION = 1;
				GENERATE_INFOPLIST_FILE = YES;
				MARKETING_VERSION = 1.0;
				PRODUCT_BUNDLE_IDENTIFIER = voco.MobiilirakendusTSUITests;
				PRODUCT_NAME = "$(TARGET_NAME)";
				SWIFT_EMIT_LOC_STRINGS = NO;
				SWIFT_VERSION = 5.0;
				TARGETED_DEVICE_FAMILY = "1,2";
				TEST_TARGET_NAME = MobiilirakendusTS;
			};
			name = Release;
		};
/* End XCBuildConfiguration section */

/* Begin XCConfigurationList section */
		3F726F282B73954C008FAF45 /* Build configuration list for PBXProject "MobiilirakendusTS" */ = {
			isa = XCConfigurationList;
			buildConfigurations = (
				3F726F4F2B73954D008FAF45 /* Debug */,
				3F726F502B73954D008FAF45 /* Release */,
			);
			defaultConfigurationIsVisible = 0;
			defaultConfigurationName = Release;
		};
		3F726F512B73954D008FAF45 /* Build configuration list for PBXNativeTarget "MobiilirakendusTS" */ = {
			isa = XCConfigurationList;
			buildConfigurations = (
				3F726F522B73954D008FAF45 /* Debug */,
				3F726F532B73954D008FAF45 /* Release */,
			);
			defaultConfigurationIsVisible = 0;
			defaultConfigurationName = Release;
		};
		3F726F542B73954D008FAF45 /* Build configuration list for PBXNativeTarget "MobiilirakendusTSTests" */ = {
			isa = XCConfigurationList;
			buildConfigurations = (
				3F726F552B73954D008FAF45 /* Debug */,
				3F726F562B73954D008FAF45 /* Release */,
			);
			defaultConfigurationIsVisible = 0;
			defaultConfigurationName = Release;
		};
		3F726F572B73954D008FAF45 /* Build configuration list for PBXNativeTarget "MobiilirakendusTSUITests" */ = {
			isa = XCConfigurationList;
			buildConfigurations = (
				3F726F582B73954D008FAF45 /* Debug */,
				3F726F592B73954D008FAF45 /* Release */,
			);
			defaultConfigurationIsVisible = 0;
			defaultConfigurationName = Release;
		};
/* End XCConfigurationList section */
	};
	rootObject = 3F726F252B73954C008FAF45 /* Project object */;
}
